
Microsoft Visual Studio Solution File, Format Version 12.00
# Visual Studio Version 16
VisualStudioVersion = 16.0.30406.217
MinimumVisualStudioVersion = 10.0.40219.1
Project("{9A19103F-16F7-4668-BE54-9A1E7A4F7556}") = "Jelly.Api", "Jelly.Api\Jelly.Api.csproj", "{8EC5CEC7-ADE3-484A-A476-FB714B89C1C3}"
EndProject
Project("{9A19103F-16F7-4668-BE54-9A1E7A4F7556}") = "Jelly.Models", "Jelly.Models\Jelly.Models.csproj", "{289595B4-4BA3-40BE-A6D6-09DFB76ED6E3}"
EndProject
Project("{FAE04EC0-301F-11D3-BF4B-00C04F79EFBC}") = "Jelly.Resources", "Jelly.Resources\Jelly.Resources.csproj", "{0DA938F9-D3E3-40E7-8E19-E5D8200242CF}"
EndProject
Project("{FAE04EC0-301F-11D3-BF4B-00C04F79EFBC}") = "Jelly.Core", "Jelly.Core\Jelly.Core.csproj", "{7E89DF6A-5D51-449A-A25C-F11BD4178BC2}"
EndProject
Project("{FAE04EC0-301F-11D3-BF4B-00C04F79EFBC}") = "Jelly.IRepositories", "Jelly.IRepositories\Jelly.IRepositories.csproj", "{B64CFFF0-7354-4FB2-992D-F5A66288BAD3}"
EndProject
Project("{FAE04EC0-301F-11D3-BF4B-00C04F79EFBC}") = "Jelly.Repositories", "Jelly.Repositories\Jelly.Repositories.csproj", "{95834D64-8A09-4B69-9ADA-C0E3A08F8634}"
EndProject
Project("{FAE04EC0-301F-11D3-BF4B-00C04F79EFBC}") = "Jelly.IServices", "Jelly.IServices\Jelly.IServices.csproj", "{05F7B5D9-EE49-4350-A3FC-FF086C833758}"
EndProject
Project("{FAE04EC0-301F-11D3-BF4B-00C04F79EFBC}") = "Jelly.Services", "Jelly.Services\Jelly.Services.csproj", "{9208A32C-B822-4BD2-B17F-52D897F4D28A}"
EndProject
Project("{2150E333-8FDC-42A3-9474-1A3956D46DE8}") = "Repository", "Repository", "{353A0CC6-610A-44E6-AA7A-0EC20F6EF6A3}"
EndProject
Project("{2150E333-8FDC-42A3-9474-1A3956D46DE8}") = "Service", "Service", "{9F24EB79-8A86-4CF8-BDA0-0B57448B9680}"
EndProject
Project("{2150E333-8FDC-42A3-9474-1A3956D46DE8}") = "Infrastructure", "Infrastructure", "{05BC9E6F-B440-4128-8E02-750103CE3ED8}"
EndProject
Project("{FAE04EC0-301F-11D3-BF4B-00C04F79EFBC}") = "Jelly.IdentityServer", "Jelly.IdentityServer\Jelly.IdentityServer.csproj", "{2D49C0CF-5B99-4735-B8D3-5D5C43B3844D}"
EndProject
Global
	GlobalSection(SolutionConfigurationPlatforms) = preSolution
		Debug|Any CPU = Debug|Any CPU
		Release|Any CPU = Release|Any CPU
	EndGlobalSection
	GlobalSection(ProjectConfigurationPlatforms) = postSolution
		{8EC5CEC7-ADE3-484A-A476-FB714B89C1C3}.Debug|Any CPU.ActiveCfg = Debug|Any CPU
		{8EC5CEC7-ADE3-484A-A476-FB714B89C1C3}.Debug|Any CPU.Build.0 = Debug|Any CPU
		{8EC5CEC7-ADE3-484A-A476-FB714B89C1C3}.Release|Any CPU.ActiveCfg = Release|Any CPU
		{8EC5CEC7-ADE3-484A-A476-FB714B89C1C3}.Release|Any CPU.Build.0 = Release|Any CPU
		{289595B4-4BA3-40BE-A6D6-09DFB76ED6E3}.Debug|Any CPU.ActiveCfg = Debug|Any CPU
		{289595B4-4BA3-40BE-A6D6-09DFB76ED6E3}.Debug|Any CPU.Build.0 = Debug|Any CPU
		{289595B4-4BA3-40BE-A6D6-09DFB76ED6E3}.Release|Any CPU.ActiveCfg = Release|Any CPU
		{289595B4-4BA3-40BE-A6D6-09DFB76ED6E3}.Release|Any CPU.Build.0 = Release|Any CPU
		{0DA938F9-D3E3-40E7-8E19-E5D8200242CF}.Debug|Any CPU.ActiveCfg = Debug|Any CPU
		{0DA938F9-D3E3-40E7-8E19-E5D8200242CF}.Debug|Any CPU.Build.0 = Debug|Any CPU
		{0DA938F9-D3E3-40E7-8E19-E5D8200242CF}.Release|Any CPU.ActiveCfg = Release|Any CPU
		{0DA938F9-D3E3-40E7-8E19-E5D8200242CF}.Release|Any CPU.Build.0 = Release|Any CPU
		{7E89DF6A-5D51-449A-A25C-F11BD4178BC2}.Debug|Any CPU.ActiveCfg = Debug|Any CPU
		{7E89DF6A-5D51-449A-A25C-F11BD4178BC2}.Debug|Any CPU.Build.0 = Debug|Any CPU
		{7E89DF6A-5D51-449A-A25C-F11BD4178BC2}.Release|Any CPU.ActiveCfg = Release|Any CPU
		{7E89DF6A-5D51-449A-A25C-F11BD4178BC2}.Release|Any CPU.Build.0 = Release|Any CPU
		{B64CFFF0-7354-4FB2-992D-F5A66288BAD3}.Debug|Any CPU.ActiveCfg = Debug|Any CPU
		{B64CFFF0-7354-4FB2-992D-F5A66288BAD3}.Debug|Any CPU.Build.0 = Debug|Any CPU
		{B64CFFF0-7354-4FB2-992D-F5A66288BAD3}.Release|Any CPU.ActiveCfg = Release|Any CPU
		{B64CFFF0-7354-4FB2-992D-F5A66288BAD3}.Release|Any CPU.Build.0 = Release|Any CPU
		{95834D64-8A09-4B69-9ADA-C0E3A08F8634}.Debug|Any CPU.ActiveCfg = Debug|Any CPU
		{95834D64-8A09-4B69-9ADA-C0E3A08F8634}.Debug|Any CPU.Build.0 = Debug|Any CPU
		{95834D64-8A09-4B69-9ADA-C0E3A08F8634}.Release|Any CPU.ActiveCfg = Release|Any CPU
		{95834D64-8A09-4B69-9ADA-C0E3A08F8634}.Release|Any CPU.Build.0 = Release|Any CPU
		{05F7B5D9-EE49-4350-A3FC-FF086C833758}.Debug|Any CPU.ActiveCfg = Debug|Any CPU
		{05F7B5D9-EE49-4350-A3FC-FF086C833758}.Debug|Any CPU.Build.0 = Debug|Any CPU
		{05F7B5D9-EE49-4350-A3FC-FF086C833758}.Release|Any CPU.ActiveCfg = Release|Any CPU
		{05F7B5D9-EE49-4350-A3FC-FF086C833758}.Release|Any CPU.Build.0 = Release|Any CPU
		{9208A32C-B822-4BD2-B17F-52D897F4D28A}.Debug|Any CPU.ActiveCfg = Debug|Any CPU
		{9208A32C-B822-4BD2-B17F-52D897F4D28A}.Debug|Any CPU.Build.0 = Debug|Any CPU
		{9208A32C-B822-4BD2-B17F-52D897F4D28A}.Release|Any CPU.ActiveCfg = Release|Any CPU
		{9208A32C-B822-4BD2-B17F-52D897F4D28A}.Release|Any CPU.Build.0 = Release|Any CPU
		{2D49C0CF-5B99-4735-B8D3-5D5C43B3844D}.Debug|Any CPU.ActiveCfg = Debug|Any CPU
		{2D49C0CF-5B99-4735-B8D3-5D5C43B3844D}.Debug|Any CPU.Build.0 = Debug|Any CPU
		{2D49C0CF-5B99-4735-B8D3-5D5C43B3844D}.Release|Any CPU.ActiveCfg = Release|Any CPU
		{2D49C0CF-5B99-4735-B8D3-5D5C43B3844D}.Release|Any CPU.Build.0 = Release|Any CPU
	EndGlobalSection
	GlobalSection(SolutionProperties) = preSolution
		HideSolutionNode = FALSE
	EndGlobalSection
	GlobalSection(NestedProjects) = preSolution
		{289595B4-4BA3-40BE-A6D6-09DFB76ED6E3} = {05BC9E6F-B440-4128-8E02-750103CE3ED8}
		{0DA938F9-D3E3-40E7-8E19-E5D8200242CF} = {05BC9E6F-B440-4128-8E02-750103CE3ED8}
		{7E89DF6A-5D51-449A-A25C-F11BD4178BC2} = {05BC9E6F-B440-4128-8E02-750103CE3ED8}
		{B64CFFF0-7354-4FB2-992D-F5A66288BAD3} = {353A0CC6-610A-44E6-AA7A-0EC20F6EF6A3}
		{95834D64-8A09-4B69-9ADA-C0E3A08F8634} = {353A0CC6-610A-44E6-AA7A-0EC20F6EF6A3}
		{05F7B5D9-EE49-4350-A3FC-FF086C833758} = {9F24EB79-8A86-4CF8-BDA0-0B57448B9680}
		{9208A32C-B822-4BD2-B17F-52D897F4D28A} = {9F24EB79-8A86-4CF8-BDA0-0B57448B9680}
	EndGlobalSection
	GlobalSection(ExtensibilityGlobals) = postSolution
		SolutionGuid = {1203ADDC-42CF-46EA-BF7E-A70105F0A8AF}
	EndGlobalSection
EndGlobal
